
Microsoft Visual Studio Solution File, Format Version 12.00
# Visual Studio 15
VisualStudioVersion = 15.0.27130.2010
MinimumVisualStudioVersion = 10.0.40219.1
Project("{FAE04EC0-301F-11D3-BF4B-00C04F79EFBC}") = "Chart", "Chart\Chart.csproj", "{0C8798C1-0D26-46DD-965A-E86906ECFCCA}"
EndProject
Project("{FAE04EC0-301F-11D3-BF4B-00C04F79EFBC}") = "DAL", "DAL\DAL.csproj", "{673F0ACE-7F74-4519-8652-603E5E27F650}"
EndProject
Project("{FAE04EC0-301F-11D3-BF4B-00C04F79EFBC}") = "Common", "Common\Common.csproj", "{158267A5-4178-44F8-A33D-2FA8256217D5}"
EndProject
Project("{FAE04EC0-301F-11D3-BF4B-00C04F79EFBC}") = "Infrastructure", "Infrastructure\Infrastructure.csproj", "{D5F5406D-0997-4DD1-BC67-8E18D3CE1B05}"
EndProject
Project("{FAE04EC0-301F-11D3-BF4B-00C04F79EFBC}") = "BLL", "BLL\BLL.csproj", "{CA522CB7-B3B1-407D-AA16-96867E2C71BB}"
EndProject
Global
	GlobalSection(SolutionConfigurationPlatforms) = preSolution
		Debug|Any CPU = Debug|Any CPU
		Release|Any CPU = Release|Any CPU
	EndGlobalSection
	GlobalSection(ProjectConfigurationPlatforms) = postSolution
		{0C8798C1-0D26-46DD-965A-E86906ECFCCA}.Debug|Any CPU.ActiveCfg = Debug|Any CPU
		{0C8798C1-0D26-46DD-965A-E86906ECFCCA}.Debug|Any CPU.Build.0 = Debug|Any CPU
		{0C8798C1-0D26-46DD-965A-E86906ECFCCA}.Release|Any CPU.ActiveCfg = Release|Any CPU
		{0C8798C1-0D26-46DD-965A-E86906ECFCCA}.Release|Any CPU.Build.0 = Release|Any CPU
		{673F0ACE-7F74-4519-8652-603E5E27F650}.Debug|Any CPU.ActiveCfg = Debug|Any CPU
		{673F0ACE-7F74-4519-8652-603E5E27F650}.Debug|Any CPU.Build.0 = Debug|Any CPU
		{673F0ACE-7F74-4519-8652-603E5E27F650}.Release|Any CPU.ActiveCfg = Release|Any CPU
		{673F0ACE-7F74-4519-8652-603E5E27F650}.Release|Any CPU.Build.0 = Release|Any CPU
		{158267A5-4178-44F8-A33D-2FA8256217D5}.Debug|Any CPU.ActiveCfg = Debug|Any CPU
		{158267A5-4178-44F8-A33D-2FA8256217D5}.Debug|Any CPU.Build.0 = Debug|Any CPU
		{158267A5-4178-44F8-A33D-2FA8256217D5}.Release|Any CPU.ActiveCfg = Release|Any CPU
		{158267A5-4178-44F8-A33D-2FA8256217D5}.Release|Any CPU.Build.0 = Release|Any CPU
		{D5F5406D-0997-4DD1-BC67-8E18D3CE1B05}.Debug|Any CPU.ActiveCfg = Debug|Any CPU
		{D5F5406D-0997-4DD1-BC67-8E18D3CE1B05}.Debug|Any CPU.Build.0 = Debug|Any CPU
		{D5F5406D-0997-4DD1-BC67-8E18D3CE1B05}.Release|Any CPU.ActiveCfg = Release|Any CPU
		{D5F5406D-0997-4DD1-BC67-8E18D3CE1B05}.Release|Any CPU.Build.0 = Release|Any CPU
		{CA522CB7-B3B1-407D-AA16-96867E2C71BB}.Debug|Any CPU.ActiveCfg = Debug|Any CPU
		{CA522CB7-B3B1-407D-AA16-96867E2C71BB}.Debug|Any CPU.Build.0 = Debug|Any CPU
		{CA522CB7-B3B1-407D-AA16-96867E2C71BB}.Release|Any CPU.ActiveCfg = Release|Any CPU
		{CA522CB7-B3B1-407D-AA16-96867E2C71BB}.Release|Any CPU.Build.0 = Release|Any CPU
	EndGlobalSection
	GlobalSection(SolutionProperties) = preSolution
		HideSolutionNode = FALSE
	EndGlobalSection
	GlobalSection(ExtensibilityGlobals) = postSolution
		SolutionGuid = {D00BAE51-9D71-480C-84F8-D2EA3309BACA}
	EndGlobalSection
EndGlobal
